
Microsoft Visual Studio Solution File, Format Version 12.00
# Visual Studio Version 16
VisualStudioVersion = 16.0.31605.320
MinimumVisualStudioVersion = 10.0.40219.1
Project("{FAE04EC0-301F-11D3-BF4B-00C04F79EFBC}") = "Pattern.Adapter", "Pattern.Adapter\Pattern.Adapter.csproj", "{4FDA3F9C-247A-4547-94EB-D5AB44CA940F}"
EndProject
Global
	GlobalSection(SolutionConfigurationPlatforms) = preSolution
		Debug|Any CPU = Debug|Any CPU
		Release|Any CPU = Release|Any CPU
	EndGlobalSection
	GlobalSection(ProjectConfigurationPlatforms) = postSolution
		{4FDA3F9C-247A-4547-94EB-D5AB44CA940F}.Debug|Any CPU.ActiveCfg = Debug|Any CPU
		{4FDA3F9C-247A-4547-94EB-D5AB44CA940F}.Debug|Any CPU.Build.0 = Debug|Any CPU
		{4FDA3F9C-247A-4547-94EB-D5AB44CA940F}.Release|Any CPU.ActiveCfg = Release|Any CPU
		{4FDA3F9C-247A-4547-94EB-D5AB44CA940F}.Release|Any CPU.Build.0 = Release|Any CPU
	EndGlobalSection
	GlobalSection(SolutionProperties) = preSolution
		HideSolutionNode = FALSE
	EndGlobalSection
	GlobalSection(ExtensibilityGlobals) = postSolution
		SolutionGuid = {4E218296-82F2-417D-AF38-4778FAD98F24}
	EndGlobalSection
EndGlobal
