
Microsoft Visual Studio Solution File, Format Version 12.00
# Visual Studio Version 16
VisualStudioVersion = 16.0.31605.320
MinimumVisualStudioVersion = 10.0.40219.1
Project("{FAE04EC0-301F-11D3-BF4B-00C04F79EFBC}") = "LearningThreadsInWPF", "LearningThreadsInWPF\LearningThreadsInWPF.csproj", "{1C5658A7-48E1-4521-9210-DD55D23A9C64}"
EndProject
Project("{FAE04EC0-301F-11D3-BF4B-00C04F79EFBC}") = "ThreadsSafeListT", "..\..\4_ListT_Class\ThreadsSafeListT\ThreadsSafeListT.csproj", "{285A97BF-B689-4DAD-B7B8-AF7D9655D8DD}"
EndProject
Project("{FAE04EC0-301F-11D3-BF4B-00C04F79EFBC}") = "InterruptThread", "..\..\3_InterruptThread\InterruptThread\InterruptThread.csproj", "{5686883E-EAA4-4215-8F52-594C683371FE}"
EndProject
Global
	GlobalSection(SolutionConfigurationPlatforms) = preSolution
		Debug|Any CPU = Debug|Any CPU
		Release|Any CPU = Release|Any CPU
	EndGlobalSection
	GlobalSection(ProjectConfigurationPlatforms) = postSolution
		{1C5658A7-48E1-4521-9210-DD55D23A9C64}.Debug|Any CPU.ActiveCfg = Debug|Any CPU
		{1C5658A7-48E1-4521-9210-DD55D23A9C64}.Debug|Any CPU.Build.0 = Debug|Any CPU
		{1C5658A7-48E1-4521-9210-DD55D23A9C64}.Release|Any CPU.ActiveCfg = Release|Any CPU
		{1C5658A7-48E1-4521-9210-DD55D23A9C64}.Release|Any CPU.Build.0 = Release|Any CPU
		{285A97BF-B689-4DAD-B7B8-AF7D9655D8DD}.Debug|Any CPU.ActiveCfg = Debug|Any CPU
		{285A97BF-B689-4DAD-B7B8-AF7D9655D8DD}.Debug|Any CPU.Build.0 = Debug|Any CPU
		{285A97BF-B689-4DAD-B7B8-AF7D9655D8DD}.Release|Any CPU.ActiveCfg = Release|Any CPU
		{285A97BF-B689-4DAD-B7B8-AF7D9655D8DD}.Release|Any CPU.Build.0 = Release|Any CPU
		{5686883E-EAA4-4215-8F52-594C683371FE}.Debug|Any CPU.ActiveCfg = Debug|Any CPU
		{5686883E-EAA4-4215-8F52-594C683371FE}.Debug|Any CPU.Build.0 = Debug|Any CPU
		{5686883E-EAA4-4215-8F52-594C683371FE}.Release|Any CPU.ActiveCfg = Release|Any CPU
		{5686883E-EAA4-4215-8F52-594C683371FE}.Release|Any CPU.Build.0 = Release|Any CPU
	EndGlobalSection
	GlobalSection(SolutionProperties) = preSolution
		HideSolutionNode = FALSE
	EndGlobalSection
	GlobalSection(ExtensibilityGlobals) = postSolution
		SolutionGuid = {B00FD694-E42E-4505-BAB2-9B5C3FEA8D66}
	EndGlobalSection
EndGlobal
