
Microsoft Visual Studio Solution File, Format Version 12.00
# Visual Studio Version 17
VisualStudioVersion = 17.0.31912.275
MinimumVisualStudioVersion = 10.0.40219.1
Project("{FAE04EC0-301F-11D3-BF4B-00C04F79EFBC}") = "FirstMVC", "FirstMVC\FirstMVC.csproj", "{4DFF6983-EFFD-4BD8-BF25-06C6C79084B9}"
EndProject
Global
	GlobalSection(SolutionConfigurationPlatforms) = preSolution
		Debug|Any CPU = Debug|Any CPU
		Release|Any CPU = Release|Any CPU
	EndGlobalSection
	GlobalSection(ProjectConfigurationPlatforms) = postSolution
		{4DFF6983-EFFD-4BD8-BF25-06C6C79084B9}.Debug|Any CPU.ActiveCfg = Debug|Any CPU
		{4DFF6983-EFFD-4BD8-BF25-06C6C79084B9}.Debug|Any CPU.Build.0 = Debug|Any CPU
		{4DFF6983-EFFD-4BD8-BF25-06C6C79084B9}.Release|Any CPU.ActiveCfg = Release|Any CPU
		{4DFF6983-EFFD-4BD8-BF25-06C6C79084B9}.Release|Any CPU.Build.0 = Release|Any CPU
	EndGlobalSection
	GlobalSection(SolutionProperties) = preSolution
		HideSolutionNode = FALSE
	EndGlobalSection
	GlobalSection(ExtensibilityGlobals) = postSolution
		SolutionGuid = {57545A95-B479-4FDE-8A59-07D9B7B95973}
	EndGlobalSection
EndGlobal
